
Microsoft Visual Studio Solution File, Format Version 12.00
# Visual Studio Version 17
VisualStudioVersion = 17.11.35312.102
MinimumVisualStudioVersion = 10.0.40219.1
Project("{FAE04EC0-301F-11D3-BF4B-00C04F79EFBC}") = "AprendizadoSobreTasks", "AprendizadoSobreTasks.csproj", "{2AB0F3FF-2313-46A2-97C8-DC30918DEEB1}"
EndProject
Global
	GlobalSection(SolutionConfigurationPlatforms) = preSolution
		Debug|Any CPU = Debug|Any CPU
		Release|Any CPU = Release|Any CPU
	EndGlobalSection
	GlobalSection(ProjectConfigurationPlatforms) = postSolution
		{2AB0F3FF-2313-46A2-97C8-DC30918DEEB1}.Debug|Any CPU.ActiveCfg = Debug|Any CPU
		{2AB0F3FF-2313-46A2-97C8-DC30918DEEB1}.Debug|Any CPU.Build.0 = Debug|Any CPU
		{2AB0F3FF-2313-46A2-97C8-DC30918DEEB1}.Release|Any CPU.ActiveCfg = Release|Any CPU
		{2AB0F3FF-2313-46A2-97C8-DC30918DEEB1}.Release|Any CPU.Build.0 = Release|Any CPU
	EndGlobalSection
	GlobalSection(SolutionProperties) = preSolution
		HideSolutionNode = FALSE
	EndGlobalSection
	GlobalSection(ExtensibilityGlobals) = postSolution
		SolutionGuid = {EE958B92-A6D5-4AD0-A587-96910DF3EF9F}
	EndGlobalSection
EndGlobal
